
Microsoft Visual Studio Solution File, Format Version 12.00
# Visual Studio Version 16
VisualStudioVersion = 16.0.31515.178
MinimumVisualStudioVersion = 10.0.40219.1
Project("{FAE04EC0-301F-11D3-BF4B-00C04F79EFBC}") = "hangfire-webapi2", "hangfire-webapi2\hangfire-webapi2.csproj", "{0ECDB99E-2BEC-40BE-8DC6-BDD82EA9237C}"
EndProject
Global
	GlobalSection(SolutionConfigurationPlatforms) = preSolution
		Debug|Any CPU = Debug|Any CPU
		Release|Any CPU = Release|Any CPU
	EndGlobalSection
	GlobalSection(ProjectConfigurationPlatforms) = postSolution
		{0ECDB99E-2BEC-40BE-8DC6-BDD82EA9237C}.Debug|Any CPU.ActiveCfg = Debug|Any CPU
		{0ECDB99E-2BEC-40BE-8DC6-BDD82EA9237C}.Debug|Any CPU.Build.0 = Debug|Any CPU
		{0ECDB99E-2BEC-40BE-8DC6-BDD82EA9237C}.Release|Any CPU.ActiveCfg = Release|Any CPU
		{0ECDB99E-2BEC-40BE-8DC6-BDD82EA9237C}.Release|Any CPU.Build.0 = Release|Any CPU
	EndGlobalSection
	GlobalSection(SolutionProperties) = preSolution
		HideSolutionNode = FALSE
	EndGlobalSection
	GlobalSection(ExtensibilityGlobals) = postSolution
		SolutionGuid = {A95A0C22-413B-4096-9B7F-6A8A41506A6F}
	EndGlobalSection
EndGlobal
